// !$*UTF8*$!
{
	archiveVersion = 1;
	classes = {
	};
	objectVersion = 42;
	objects = {

/* Begin PBXBuildFile section */
		50001B1C0D231DAD008EF652 /* ASPreferenceController.m in Sources */ = {isa = PBXBuildFile; fileRef = 50001B1B0D231DAD008EF652 /* ASPreferenceController.m */; };
		50001B7C0D232A33008EF652 /* ASPreferences.nib in Resources */ = {isa = PBXBuildFile; fileRef = 50001B7A0D232A33008EF652 /* ASPreferences.nib */; };
		5008E01A0C939EE600E89D9B /* ASCancelButton.m in Sources */ = {isa = PBXBuildFile; fileRef = 5008E0190C939EE600E89D9B /* ASCancelButton.m */; };
		5008E01E0C939F9700E89D9B /* close_hover.png in Resources */ = {isa = PBXBuildFile; fileRef = 5008E01B0C939F9700E89D9B /* close_hover.png */; };
		5008E01F0C939F9700E89D9B /* close_normal.png in Resources */ = {isa = PBXBuildFile; fileRef = 5008E01C0C939F9700E89D9B /* close_normal.png */; };
		5008E0200C939F9700E89D9B /* close_press.png in Resources */ = {isa = PBXBuildFile; fileRef = 5008E01D0C939F9700E89D9B /* close_press.png */; };
		502526E30D445F9E00562302 /* NSTableView (DeleteKey).m in Sources */ = {isa = PBXBuildFile; fileRef = 502526E20D445F9E00562302 /* NSTableView (DeleteKey).m */; };
		506545050C8B8E14004D2DA9 /* iSFVDocument.icns in Resources */ = {isa = PBXBuildFile; fileRef = 506545040C8B8E14004D2DA9 /* iSFVDocument.icns */; };
		507B19970C67F04500343AC0 /* ASWindowController.m in Sources */ = {isa = PBXBuildFile; fileRef = 507B19960C67F04500343AC0 /* ASWindowController.m */; };
		507D7F7E0C684DA7002D0607 /* ASAppController.m in Sources */ = {isa = PBXBuildFile; fileRef = 507D7F7D0C684DA7002D0607 /* ASAppController.m */; };
		50ABE0E20C692B6C00270B20 /* iSFV.icns in Resources */ = {isa = PBXBuildFile; fileRef = 50ABE0E00C692B6C00270B20 /* iSFV.icns */; };
		50C1D25B0C67C6B2006D567C /* NSString (ASExtensions).m in Sources */ = {isa = PBXBuildFile; fileRef = 50C1D25A0C67C6B2006D567C /* NSString (ASExtensions).m */; };
		50C3AEF70C681D1D00B1C997 /* ASSFVData.m in Sources */ = {isa = PBXBuildFile; fileRef = 50C3AEF60C681D1D00B1C997 /* ASSFVData.m */; };
		8D15AC2C0486D014006FF6A4 /* Credits.rtf in Resources */ = {isa = PBXBuildFile; fileRef = 2A37F4B9FDCFA73011CA2CEA /* Credits.rtf */; };
		8D15AC2D0486D014006FF6A4 /* MainMenu.nib in Resources */ = {isa = PBXBuildFile; fileRef = 2A37F4B6FDCFA73011CA2CEA /* MainMenu.nib */; };
		8D15AC2E0486D014006FF6A4 /* ASDocument.nib in Resources */ = {isa = PBXBuildFile; fileRef = 2A37F4B4FDCFA73011CA2CEA /* ASDocument.nib */; };
		8D15AC2F0486D014006FF6A4 /* InfoPlist.strings in Resources */ = {isa = PBXBuildFile; fileRef = 089C165FFE840EACC02AAC07 /* InfoPlist.strings */; };
		8D15AC310486D014006FF6A4 /* ASDocument.m in Sources */ = {isa = PBXBuildFile; fileRef = 2A37F4ACFDCFA73011CA2CEA /* ASDocument.m */; settings = {ATTRIBUTES = (); }; };
		8D15AC320486D014006FF6A4 /* main.m in Sources */ = {isa = PBXBuildFile; fileRef = 2A37F4B0FDCFA73011CA2CEA /* main.m */; settings = {ATTRIBUTES = (); }; };
		8D15AC340486D014006FF6A4 /* Cocoa.framework in Frameworks */ = {isa = PBXBuildFile; fileRef = 1058C7A7FEA54F5311CA2CBB /* Cocoa.framework */; };
/* End PBXBuildFile section */

/* Begin PBXFileReference section */
		089C1660FE840EACC02AAC07 /* English */ = {isa = PBXFileReference; fileEncoding = 10; lastKnownFileType = text.plist.strings; name = English; path = English.lproj/InfoPlist.strings; sourceTree = "<group>"; };
		1058C7A7FEA54F5311CA2CBB /* Cocoa.framework */ = {isa = PBXFileReference; lastKnownFileType = wrapper.framework; name = Cocoa.framework; path = /System/Library/Frameworks/Cocoa.framework; sourceTree = "<absolute>"; };
		13E42FBA07B3F13500E4EEF1 /* CoreData.framework */ = {isa = PBXFileReference; lastKnownFileType = wrapper.framework; name = CoreData.framework; path = /System/Library/Frameworks/CoreData.framework; sourceTree = "<absolute>"; };
		2A37F4ACFDCFA73011CA2CEA /* ASDocument.m */ = {isa = PBXFileReference; fileEncoding = 4; lastKnownFileType = sourcecode.c.objc; path = ASDocument.m; sourceTree = "<group>"; };
		2A37F4AEFDCFA73011CA2CEA /* ASDocument.h */ = {isa = PBXFileReference; fileEncoding = 4; lastKnownFileType = sourcecode.c.h; path = ASDocument.h; sourceTree = "<group>"; };
		2A37F4B0FDCFA73011CA2CEA /* main.m */ = {isa = PBXFileReference; fileEncoding = 4; lastKnownFileType = sourcecode.c.objc; path = main.m; sourceTree = "<group>"; };
		2A37F4B5FDCFA73011CA2CEA /* English */ = {isa = PBXFileReference; lastKnownFileType = wrapper.nib; name = English; path = English.lproj/ASDocument.nib; sourceTree = "<group>"; };
		2A37F4B7FDCFA73011CA2CEA /* English */ = {isa = PBXFileReference; lastKnownFileType = wrapper.nib; name = English; path = English.lproj/MainMenu.nib; sourceTree = "<group>"; };
		2A37F4BAFDCFA73011CA2CEA /* English */ = {isa = PBXFileReference; lastKnownFileType = text.rtf; name = English; path = English.lproj/Credits.rtf; sourceTree = "<group>"; };
		2A37F4C4FDCFA73011CA2CEA /* AppKit.framework */ = {isa = PBXFileReference; lastKnownFileType = wrapper.framework; name = AppKit.framework; path = /System/Library/Frameworks/AppKit.framework; sourceTree = "<absolute>"; };
		2A37F4C5FDCFA73011CA2CEA /* Foundation.framework */ = {isa = PBXFileReference; lastKnownFileType = wrapper.framework; name = Foundation.framework; path = /System/Library/Frameworks/Foundation.framework; sourceTree = "<absolute>"; };
		32DBCF750370BD2300C91783 /* iSFV_Prefix.pch */ = {isa = PBXFileReference; fileEncoding = 4; lastKnownFileType = sourcecode.c.h; path = iSFV_Prefix.pch; sourceTree = "<group>"; };
		50001B1A0D231DAD008EF652 /* ASPreferenceController.h */ = {isa = PBXFileReference; fileEncoding = 4; lastKnownFileType = sourcecode.c.h; path = ASPreferenceController.h; sourceTree = "<group>"; };
		50001B1B0D231DAD008EF652 /* ASPreferenceController.m */ = {isa = PBXFileReference; fileEncoding = 4; lastKnownFileType = sourcecode.c.objc; path = ASPreferenceController.m; sourceTree = "<group>"; };
		50001B7B0D232A33008EF652 /* English */ = {isa = PBXFileReference; lastKnownFileType = wrapper.nib; name = English; path = English.lproj/ASPreferences.nib; sourceTree = "<group>"; };
		5008E0180C939EE600E89D9B /* ASCancelButton.h */ = {isa = PBXFileReference; fileEncoding = 30; lastKnownFileType = sourcecode.c.h; path = ASCancelButton.h; sourceTree = "<group>"; };
		5008E0190C939EE600E89D9B /* ASCancelButton.m */ = {isa = PBXFileReference; fileEncoding = 30; lastKnownFileType = sourcecode.c.objc; path = ASCancelButton.m; sourceTree = "<group>"; };
		5008E01B0C939F9700E89D9B /* close_hover.png */ = {isa = PBXFileReference; lastKnownFileType = image.png; path = close_hover.png; sourceTree = "<group>"; };
		5008E01C0C939F9700E89D9B /* close_normal.png */ = {isa = PBXFileReference; lastKnownFileType = image.png; path = close_normal.png; sourceTree = "<group>"; };
		5008E01D0C939F9700E89D9B /* close_press.png */ = {isa = PBXFileReference; lastKnownFileType = image.png; path = close_press.png; sourceTree = "<group>"; };
		502526E20D445F9E00562302 /* NSTableView (DeleteKey).m */ = {isa = PBXFileReference; fileEncoding = 30; lastKnownFileType = sourcecode.c.objc; path = "NSTableView (DeleteKey).m"; sourceTree = "<group>"; };
		506545040C8B8E14004D2DA9 /* iSFVDocument.icns */ = {isa = PBXFileReference; lastKnownFileType = image.icns; path = iSFVDocument.icns; sourceTree = "<group>"; };
		506FB4800C61A057000D23B2 /* ASDocumentController.h */ = {isa = PBXFileReference; fileEncoding = 4; lastKnownFileType = sourcecode.c.h; path = ASDocumentController.h; sourceTree = "<group>"; };
		506FB4810C61A057000D23B2 /* ASDocumentController.m */ = {isa = PBXFileReference; fileEncoding = 4; lastKnownFileType = sourcecode.c.objc; path = ASDocumentController.m; sourceTree = "<group>"; };
		507B19950C67F04500343AC0 /* ASWindowController.h */ = {isa = PBXFileReference; fileEncoding = 4; lastKnownFileType = sourcecode.c.h; path = ASWindowController.h; sourceTree = "<group>"; };
		507B19960C67F04500343AC0 /* ASWindowController.m */ = {isa = PBXFileReference; fileEncoding = 4; lastKnownFileType = sourcecode.c.objc; path = ASWindowController.m; sourceTree = "<group>"; };
		507D7F7C0C684DA7002D0607 /* ASAppController.h */ = {isa = PBXFileReference; fileEncoding = 30; lastKnownFileType = sourcecode.c.h; path = ASAppController.h; sourceTree = "<group>"; };
		507D7F7D0C684DA7002D0607 /* ASAppController.m */ = {isa = PBXFileReference; fileEncoding = 30; lastKnownFileType = sourcecode.c.objc; path = ASAppController.m; sourceTree = "<group>"; };
		50ABE0E00C692B6C00270B20 /* iSFV.icns */ = {isa = PBXFileReference; lastKnownFileType = image.icns; path = iSFV.icns; sourceTree = "<group>"; };
		50C1D2590C67C6B2006D567C /* NSString (ASExtensions).h */ = {isa = PBXFileReference; fileEncoding = 4; lastKnownFileType = sourcecode.c.h; path = "NSString (ASExtensions).h"; sourceTree = "<group>"; };
		50C1D25A0C67C6B2006D567C /* NSString (ASExtensions).m */ = {isa = PBXFileReference; fileEncoding = 4; lastKnownFileType = sourcecode.c.objc; path = "NSString (ASExtensions).m"; sourceTree = "<group>"; };
		50C3AEF50C681D1D00B1C997 /* ASSFVData.h */ = {isa = PBXFileReference; fileEncoding = 4; lastKnownFileType = sourcecode.c.h; path = ASSFVData.h; sourceTree = "<group>"; };
		50C3AEF60C681D1D00B1C997 /* ASSFVData.m */ = {isa = PBXFileReference; fileEncoding = 4; lastKnownFileType = sourcecode.c.objc; path = ASSFVData.m; sourceTree = "<group>"; };
		8D15AC360486D014006FF6A4 /* Info.plist */ = {isa = PBXFileReference; fileEncoding = 4; lastKnownFileType = text.plist; path = Info.plist; sourceTree = "<group>"; };
		8D15AC370486D014006FF6A4 /* iSFV.app */ = {isa = PBXFileReference; explicitFileType = wrapper.application; includeInIndex = 0; path = iSFV.app; sourceTree = BUILT_PRODUCTS_DIR; };
/* End PBXFileReference section */

/* Begin PBXFrameworksBuildPhase section */
		8D15AC330486D014006FF6A4 /* Frameworks */ = {
			isa = PBXFrameworksBuildPhase;
			buildActionMask = 2147483647;
			files = (
				8D15AC340486D014006FF6A4 /* Cocoa.framework in Frameworks */,
			);
			runOnlyForDeploymentPostprocessing = 0;
		};
/* End PBXFrameworksBuildPhase section */

/* Begin PBXGroup section */
		1058C7A6FEA54F5311CA2CBB /* Linked Frameworks */ = {
			isa = PBXGroup;
			children = (
				1058C7A7FEA54F5311CA2CBB /* Cocoa.framework */,
			);
			name = "Linked Frameworks";
			sourceTree = "<group>";
		};
		1058C7A8FEA54F5311CA2CBB /* Other Frameworks */ = {
			isa = PBXGroup;
			children = (
				2A37F4C4FDCFA73011CA2CEA /* AppKit.framework */,
				13E42FBA07B3F13500E4EEF1 /* CoreData.framework */,
				2A37F4C5FDCFA73011CA2CEA /* Foundation.framework */,
			);
			name = "Other Frameworks";
			sourceTree = "<group>";
		};
		19C28FB0FE9D524F11CA2CBB /* Products */ = {
			isa = PBXGroup;
			children = (
				8D15AC370486D014006FF6A4 /* iSFV.app */,
			);
			name = Products;
			sourceTree = "<group>";
		};
		2A37F4AAFDCFA73011CA2CEA /* iSFV */ = {
			isa = PBXGroup;
			children = (
				2A37F4ABFDCFA73011CA2CEA /* Classes */,
				2A37F4AFFDCFA73011CA2CEA /* Other Sources */,
				2A37F4B8FDCFA73011CA2CEA /* Resources */,
				2A37F4C3FDCFA73011CA2CEA /* Frameworks */,
				19C28FB0FE9D524F11CA2CBB /* Products */,
			);
			name = iSFV;
			sourceTree = "<group>";
		};
		2A37F4ABFDCFA73011CA2CEA /* Classes */ = {
			isa = PBXGroup;
			children = (
				50C3AEF50C681D1D00B1C997 /* ASSFVData.h */,
				50C3AEF60C681D1D00B1C997 /* ASSFVData.m */,
				50C1D2590C67C6B2006D567C /* NSString (ASExtensions).h */,
				50C1D25A0C67C6B2006D567C /* NSString (ASExtensions).m */,
				502526E20D445F9E00562302 /* NSTableView (DeleteKey).m */,
				2A37F4AEFDCFA73011CA2CEA /* ASDocument.h */,
				2A37F4ACFDCFA73011CA2CEA /* ASDocument.m */,
				5008E0180C939EE600E89D9B /* ASCancelButton.h */,
				5008E0190C939EE600E89D9B /* ASCancelButton.m */,
				506FB4800C61A057000D23B2 /* ASDocumentController.h */,
				506FB4810C61A057000D23B2 /* ASDocumentController.m */,
				507B19950C67F04500343AC0 /* ASWindowController.h */,
				507B19960C67F04500343AC0 /* ASWindowController.m */,
				507D7F7C0C684DA7002D0607 /* ASAppController.h */,
				507D7F7D0C684DA7002D0607 /* ASAppController.m */,
				50001B1A0D231DAD008EF652 /* ASPreferenceController.h */,
				50001B1B0D231DAD008EF652 /* ASPreferenceController.m */,
			);
			name = Classes;
			sourceTree = "<group>";
		};
		2A37F4AFFDCFA73011CA2CEA /* Other Sources */ = {
			isa = PBXGroup;
			children = (
				32DBCF750370BD2300C91783 /* iSFV_Prefix.pch */,
				2A37F4B0FDCFA73011CA2CEA /* main.m */,
			);
			name = "Other Sources";
			sourceTree = "<group>";
		};
		2A37F4B8FDCFA73011CA2CEA /* Resources */ = {
			isa = PBXGroup;
			children = (
				5008E01B0C939F9700E89D9B /* close_hover.png */,
				5008E01C0C939F9700E89D9B /* close_normal.png */,
				5008E01D0C939F9700E89D9B /* close_press.png */,
				50ABE0E00C692B6C00270B20 /* iSFV.icns */,
				506545040C8B8E14004D2DA9 /* iSFVDocument.icns */,
				2A37F4B9FDCFA73011CA2CEA /* Credits.rtf */,
				2A37F4B6FDCFA73011CA2CEA /* MainMenu.nib */,
				2A37F4B4FDCFA73011CA2CEA /* ASDocument.nib */,
				8D15AC360486D014006FF6A4 /* Info.plist */,
				089C165FFE840EACC02AAC07 /* InfoPlist.strings */,
				50001B7A0D232A33008EF652 /* ASPreferences.nib */,
			);
			name = Resources;
			sourceTree = "<group>";
		};
		2A37F4C3FDCFA73011CA2CEA /* Frameworks */ = {
			isa = PBXGroup;
			children = (
				1058C7A6FEA54F5311CA2CBB /* Linked Frameworks */,
				1058C7A8FEA54F5311CA2CBB /* Other Frameworks */,
			);
			name = Frameworks;
			sourceTree = "<group>";
		};
/* End PBXGroup section */

/* Begin PBXNativeTarget section */
		8D15AC270486D014006FF6A4 /* iSFV */ = {
			isa = PBXNativeTarget;
			buildConfigurationList = C05733C708A9546B00998B17 /* Build configuration list for PBXNativeTarget "iSFV" */;
			buildPhases = (
				8D15AC2B0486D014006FF6A4 /* Resources */,
				8D15AC300486D014006FF6A4 /* Sources */,
				8D15AC330486D014006FF6A4 /* Frameworks */,
			);
			buildRules = (
			);
			dependencies = (
			);
			name = iSFV;
			productInstallPath = "$(HOME)/Applications";
			productName = iSFV;
			productReference = 8D15AC370486D014006FF6A4 /* iSFV.app */;
			productType = "com.apple.product-type.application";
		};
/* End PBXNativeTarget section */

/* Begin PBXProject section */
		2A37F4A9FDCFA73011CA2CEA /* Project object */ = {
			isa = PBXProject;
			buildConfigurationList = C05733CB08A9546B00998B17 /* Build configuration list for PBXProject "iSFV" */;
			hasScannedForEncodings = 1;
			mainGroup = 2A37F4AAFDCFA73011CA2CEA /* iSFV */;
			projectDirPath = "";
			targets = (
				8D15AC270486D014006FF6A4 /* iSFV */,
			);
		};
/* End PBXProject section */

/* Begin PBXResourcesBuildPhase section */
		8D15AC2B0486D014006FF6A4 /* Resources */ = {
			isa = PBXResourcesBuildPhase;
			buildActionMask = 2147483647;
			files = (
				8D15AC2C0486D014006FF6A4 /* Credits.rtf in Resources */,
				8D15AC2D0486D014006FF6A4 /* MainMenu.nib in Resources */,
				8D15AC2E0486D014006FF6A4 /* ASDocument.nib in Resources */,
				8D15AC2F0486D014006FF6A4 /* InfoPlist.strings in Resources */,
				50ABE0E20C692B6C00270B20 /* iSFV.icns in Resources */,
				506545050C8B8E14004D2DA9 /* iSFVDocument.icns in Resources */,
				5008E01E0C939F9700E89D9B /* close_hover.png in Resources */,
				5008E01F0C939F9700E89D9B /* close_normal.png in Resources */,
				5008E0200C939F9700E89D9B /* close_press.png in Resources */,
				50001B7C0D232A33008EF652 /* ASPreferences.nib in Resources */,
			);
			runOnlyForDeploymentPostprocessing = 0;
		};
/* End PBXResourcesBuildPhase section */

/* Begin PBXSourcesBuildPhase section */
		8D15AC300486D014006FF6A4 /* Sources */ = {
			isa = PBXSourcesBuildPhase;
			buildActionMask = 2147483647;
			files = (
				8D15AC310486D014006FF6A4 /* ASDocument.m in Sources */,
				8D15AC320486D014006FF6A4 /* main.m in Sources */,
				50C1D25B0C67C6B2006D567C /* NSString (ASExtensions).m in Sources */,
				507B19970C67F04500343AC0 /* ASWindowController.m in Sources */,
				50C3AEF70C681D1D00B1C997 /* ASSFVData.m in Sources */,
				507D7F7E0C684DA7002D0607 /* ASAppController.m in Sources */,
				5008E01A0C939EE600E89D9B /* ASCancelButton.m in Sources */,
				50001B1C0D231DAD008EF652 /* ASPreferenceController.m in Sources */,
				502526E30D445F9E00562302 /* NSTableView (DeleteKey).m in Sources */,
			);
			runOnlyForDeploymentPostprocessing = 0;
		};
/* End PBXSourcesBuildPhase section */

/* Begin PBXVariantGroup section */
		089C165FFE840EACC02AAC07 /* InfoPlist.strings */ = {
			isa = PBXVariantGroup;
			children = (
				089C1660FE840EACC02AAC07 /* English */,
			);
			name = InfoPlist.strings;
			sourceTree = "<group>";
		};
		2A37F4B4FDCFA73011CA2CEA /* ASDocument.nib */ = {
			isa = PBXVariantGroup;
			children = (
				2A37F4B5FDCFA73011CA2CEA /* English */,
			);
			name = ASDocument.nib;
			sourceTree = "<group>";
		};
		2A37F4B6FDCFA73011CA2CEA /* MainMenu.nib */ = {
			isa = PBXVariantGroup;
			children = (
				2A37F4B7FDCFA73011CA2CEA /* English */,
			);
			name = MainMenu.nib;
			sourceTree = "<group>";
		};
		2A37F4B9FDCFA73011CA2CEA /* Credits.rtf */ = {
			isa = PBXVariantGroup;
			children = (
				2A37F4BAFDCFA73011CA2CEA /* English */,
			);
			name = Credits.rtf;
			sourceTree = "<group>";
		};
		50001B7A0D232A33008EF652 /* ASPreferences.nib */ = {
			isa = PBXVariantGroup;
			children = (
				50001B7B0D232A33008EF652 /* English */,
			);
			name = ASPreferences.nib;
			sourceTree = "<group>";
		};
/* End PBXVariantGroup section */

/* Begin XCBuildConfiguration section */
		C05733C808A9546B00998B17 /* Debug */ = {
			isa = XCBuildConfiguration;
			buildSettings = {
				COPY_PHASE_STRIP = NO;
				GCC_DYNAMIC_NO_PIC = NO;
				GCC_ENABLE_FIX_AND_CONTINUE = YES;
				GCC_MODEL_TUNING = G5;
				GCC_OPTIMIZATION_LEVEL = 0;
				INFOPLIST_FILE = Info.plist;
				INSTALL_PATH = "$(HOME)/Applications";
				PRODUCT_NAME = iSFV;
				WRAPPER_EXTENSION = app;
				ZERO_LINK = YES;
			};
			name = Debug;
		};
		C05733C908A9546B00998B17 /* Release */ = {
			isa = XCBuildConfiguration;
			buildSettings = {
				ARCHS = (
					ppc,
					i386,
				);
				GCC_AUTO_VECTORIZATION = YES;
				GCC_ENABLE_SSE3_EXTENSIONS = YES;
				GCC_FAST_OBJC_DISPATCH = YES;
				GCC_GENERATE_DEBUGGING_SYMBOLS = NO;
				GCC_MODEL_TUNING = G5;
				INFOPLIST_FILE = Info.plist;
				INSTALL_PATH = "$(HOME)/Applications";
				PRODUCT_NAME = iSFV;
				WRAPPER_EXTENSION = app;
			};
			name = Release;
		};
		C05733CC08A9546B00998B17 /* Debug */ = {
			isa = XCBuildConfiguration;
			buildSettings = {
				GCC_WARN_ABOUT_RETURN_TYPE = YES;
				GCC_WARN_UNUSED_VARIABLE = YES;
				PREBINDING = NO;
				SDKROOT = /Developer/SDKs/MacOSX10.4u.sdk;
				WARNING_CFLAGS = "-Wall";
			};
			name = Debug;
		};
		C05733CD08A9546B00998B17 /* Release */ = {
			isa = XCBuildConfiguration;
			buildSettings = {
				GCC_ALTIVEC_EXTENSIONS = YES;
				GCC_AUTO_VECTORIZATION = YES;
				GCC_ENABLE_SSE3_EXTENSIONS = YES;
				GCC_WARN_ABOUT_RETURN_TYPE = YES;
				GCC_WARN_UNUSED_VARIABLE = YES;
				PREBINDING = NO;
				SDKROOT = /Developer/SDKs/MacOSX10.4u.sdk;
			};
			name = Release;
		};
/* End XCBuildConfiguration section */

/* Begin XCConfigurationList section */
		C05733C708A9546B00998B17 /* Build configuration list for PBXNativeTarget "iSFV" */ = {
			isa = XCConfigurationList;
			buildConfigurations = (
				C05733C808A9546B00998B17 /* Debug */,
				C05733C908A9546B00998B17 /* Release */,
			);
			defaultConfigurationIsVisible = 0;
			defaultConfigurationName = Release;
		};
		C05733CB08A9546B00998B17 /* Build configuration list for PBXProject "iSFV" */ = {
			isa = XCConfigurationList;
			buildConfigurations = (
				C05733CC08A9546B00998B17 /* Debug */,
				C05733CD08A9546B00998B17 /* Release */,
			);
			defaultConfigurationIsVisible = 0;
			defaultConfigurationName = Release;
		};
/* End XCConfigurationList section */
	};
	rootObject = 2A37F4A9FDCFA73011CA2CEA /* Project object */;
}
